
Microsoft Visual Studio Solution File, Format Version 12.00
# Visual Studio Version 17
VisualStudioVersion = 17.3.32804.467
MinimumVisualStudioVersion = 10.0.40219.1
Project("{FAE04EC0-301F-11D3-BF4B-00C04F79EFBC}") = "ExamSystem.API", "ExamSystem.API\ExamSystem.API.csproj", "{5B717724-AF6C-44C9-9D0F-0CDDBAB60494}"
EndProject
Project("{FAE04EC0-301F-11D3-BF4B-00C04F79EFBC}") = "ExamSystem.DataAccess", "ExamSystem.DataAccess\ExamSystem.DataAccess.csproj", "{3DEBA9D8-9ABE-4551-ABBC-6236FCC895FE}"
EndProject
Project("{FAE04EC0-301F-11D3-BF4B-00C04F79EFBC}") = "ExamSystem.Models", "ExamSystem.Models\ExamSystem.Models.csproj", "{FF28C471-D254-4025-9B32-A10CCB99C4EE}"
EndProject
Project("{FAE04EC0-301F-11D3-BF4B-00C04F79EFBC}") = "ExamSystem.Services", "ExamSystem.Services\ExamSystem.Services.csproj", "{640A76F8-D80C-4C38-8A59-9CB109C742E7}"
EndProject
Project("{FAE04EC0-301F-11D3-BF4B-00C04F79EFBC}") = "ExamSystem.Shared", "ExamSystem.Shared\ExamSystem.Shared.csproj", "{42A0F17E-E134-41FD-ABC6-9686F8D16280}"
EndProject
Global
	GlobalSection(SolutionConfigurationPlatforms) = preSolution
		Debug|Any CPU = Debug|Any CPU
		Release|Any CPU = Release|Any CPU
	EndGlobalSection
	GlobalSection(ProjectConfigurationPlatforms) = postSolution
		{5B717724-AF6C-44C9-9D0F-0CDDBAB60494}.Debug|Any CPU.ActiveCfg = Debug|Any CPU
		{5B717724-AF6C-44C9-9D0F-0CDDBAB60494}.Debug|Any CPU.Build.0 = Debug|Any CPU
		{5B717724-AF6C-44C9-9D0F-0CDDBAB60494}.Release|Any CPU.ActiveCfg = Release|Any CPU
		{5B717724-AF6C-44C9-9D0F-0CDDBAB60494}.Release|Any CPU.Build.0 = Release|Any CPU
		{3DEBA9D8-9ABE-4551-ABBC-6236FCC895FE}.Debug|Any CPU.ActiveCfg = Debug|Any CPU
		{3DEBA9D8-9ABE-4551-ABBC-6236FCC895FE}.Debug|Any CPU.Build.0 = Debug|Any CPU
		{3DEBA9D8-9ABE-4551-ABBC-6236FCC895FE}.Release|Any CPU.ActiveCfg = Release|Any CPU
		{3DEBA9D8-9ABE-4551-ABBC-6236FCC895FE}.Release|Any CPU.Build.0 = Release|Any CPU
		{FF28C471-D254-4025-9B32-A10CCB99C4EE}.Debug|Any CPU.ActiveCfg = Debug|Any CPU
		{FF28C471-D254-4025-9B32-A10CCB99C4EE}.Debug|Any CPU.Build.0 = Debug|Any CPU
		{FF28C471-D254-4025-9B32-A10CCB99C4EE}.Release|Any CPU.ActiveCfg = Release|Any CPU
		{FF28C471-D254-4025-9B32-A10CCB99C4EE}.Release|Any CPU.Build.0 = Release|Any CPU
		{640A76F8-D80C-4C38-8A59-9CB109C742E7}.Debug|Any CPU.ActiveCfg = Debug|Any CPU
		{640A76F8-D80C-4C38-8A59-9CB109C742E7}.Debug|Any CPU.Build.0 = Debug|Any CPU
		{640A76F8-D80C-4C38-8A59-9CB109C742E7}.Release|Any CPU.ActiveCfg = Release|Any CPU
		{640A76F8-D80C-4C38-8A59-9CB109C742E7}.Release|Any CPU.Build.0 = Release|Any CPU
		{42A0F17E-E134-41FD-ABC6-9686F8D16280}.Debug|Any CPU.ActiveCfg = Debug|Any CPU
		{42A0F17E-E134-41FD-ABC6-9686F8D16280}.Debug|Any CPU.Build.0 = Debug|Any CPU
		{42A0F17E-E134-41FD-ABC6-9686F8D16280}.Release|Any CPU.ActiveCfg = Release|Any CPU
		{42A0F17E-E134-41FD-ABC6-9686F8D16280}.Release|Any CPU.Build.0 = Release|Any CPU
	EndGlobalSection
	GlobalSection(SolutionProperties) = preSolution
		HideSolutionNode = FALSE
	EndGlobalSection
	GlobalSection(ExtensibilityGlobals) = postSolution
		SolutionGuid = {574199F6-4C99-47D8-BBFA-120F74384CA5}
	EndGlobalSection
EndGlobal
